
Microsoft Visual Studio Solution File, Format Version 12.00
# Visual Studio Version 17
VisualStudioVersion = 17.3.32929.385
MinimumVisualStudioVersion = 10.0.40219.1
Project("{FAE04EC0-301F-11D3-BF4B-00C04F79EFBC}") = "WebApiAsync", "WebApiAsync\WebApiAsync.csproj", "{8007CCA7-5639-4C0E-8C15-CB7219CB51C3}"
EndProject
Global
	GlobalSection(SolutionConfigurationPlatforms) = preSolution
		Debug|Any CPU = Debug|Any CPU
		Release|Any CPU = Release|Any CPU
	EndGlobalSection
	GlobalSection(ProjectConfigurationPlatforms) = postSolution
		{8007CCA7-5639-4C0E-8C15-CB7219CB51C3}.Debug|Any CPU.ActiveCfg = Debug|Any CPU
		{8007CCA7-5639-4C0E-8C15-CB7219CB51C3}.Debug|Any CPU.Build.0 = Debug|Any CPU
		{8007CCA7-5639-4C0E-8C15-CB7219CB51C3}.Release|Any CPU.ActiveCfg = Release|Any CPU
		{8007CCA7-5639-4C0E-8C15-CB7219CB51C3}.Release|Any CPU.Build.0 = Release|Any CPU
	EndGlobalSection
	GlobalSection(SolutionProperties) = preSolution
		HideSolutionNode = FALSE
	EndGlobalSection
	GlobalSection(ExtensibilityGlobals) = postSolution
		SolutionGuid = {26A2EE05-0432-46C0-8FD6-8C6A18A97B8B}
	EndGlobalSection
EndGlobal
